// !$*UTF8*$!
{
	archiveVersion = 1;
	classes = {
	};
	objectVersion = 46;
	objects = {

/* Begin PBXBuildFile section */
		56AE4C3C1615DA30000FBF5A /* UIKit.framework in Frameworks */ = {isa = PBXBuildFile; fileRef = 56AE4C3B1615DA30000FBF5A /* UIKit.framework */; };
		56AE4C3E1615DA30000FBF5A /* Foundation.framework in Frameworks */ = {isa = PBXBuildFile; fileRef = 56AE4C3D1615DA30000FBF5A /* Foundation.framework */; };
		56AE4C401615DA30000FBF5A /* CoreGraphics.framework in Frameworks */ = {isa = PBXBuildFile; fileRef = 56AE4C3F1615DA30000FBF5A /* CoreGraphics.framework */; };
		56AE4C461615DA30000FBF5A /* InfoPlist.strings in Resources */ = {isa = PBXBuildFile; fileRef = 56AE4C441615DA30000FBF5A /* InfoPlist.strings */; };
		56AE4C481615DA30000FBF5A /* main.m in Sources */ = {isa = PBXBuildFile; fileRef = 56AE4C471615DA30000FBF5A /* main.m */; };
		56AE4C4C1615DA30000FBF5A /* MCAppDelegate.m in Sources */ = {isa = PBXBuildFile; fileRef = 56AE4C4B1615DA30000FBF5A /* MCAppDelegate.m */; };
		56AE4C4F1615DA30000FBF5A /* MainStoryboard_iPhone.storyboard in Resources */ = {isa = PBXBuildFile; fileRef = 56AE4C4D1615DA30000FBF5A /* MainStoryboard_iPhone.storyboard */; };
		56AE4C521615DA30000FBF5A /* MainStoryboard_iPad.storyboard in Resources */ = {isa = PBXBuildFile; fileRef = 56AE4C501615DA30000FBF5A /* MainStoryboard_iPad.storyboard */; };
		56AE4C551615DA30000FBF5A /* MCViewController.m in Sources */ = {isa = PBXBuildFile; fileRef = 56AE4C541615DA30000FBF5A /* MCViewController.m */; };
		AA3DE2081628293A00615FC9 /* AVFoundation.framework in Frameworks */ = {isa = PBXBuildFile; fileRef = AA3DE2071628293A00615FC9 /* AVFoundation.framework */; };
		AA3DE20C1628295C00615FC9 /* MCSoundSystem.m in Sources */ = {isa = PBXBuildFile; fileRef = AA3DE20B1628295C00615FC9 /* MCSoundSystem.m */; };
		AAAC8302162864DC007A245D /* card.mp3 in Resources */ = {isa = PBXBuildFile; fileRef = AAAC82FF162864DC007A245D /* card.mp3 */; };
		AAAC8303162864DC007A245D /* click.mp3 in Resources */ = {isa = PBXBuildFile; fileRef = AAAC8300162864DC007A245D /* click.mp3 */; };
		AAAC8304162864DC007A245D /* music.mp3 in Resources */ = {isa = PBXBuildFile; fileRef = AAAC8301162864DC007A245D /* music.mp3 */; };
		AADF6E45162E7FD700803147 /* MessageUI.framework in Frameworks */ = {isa = PBXBuildFile; fileRef = AADF6E44162E7FD700803147 /* MessageUI.framework */; };
		AAE698DE162DE99E0008DE2F /* GameKit.framework in Frameworks */ = {isa = PBXBuildFile; fileRef = AAE698DD162DE99E0008DE2F /* GameKit.framework */; };
		AC38EC551636E4C40026EFB8 /* Levels.plist in Resources */ = {isa = PBXBuildFile; fileRef = AC38EC541636E4C40026EFB8 /* Levels.plist */; };
		AC51E275162C48E500E2BB3B /* MCGameViewController.m in Sources */ = {isa = PBXBuildFile; fileRef = AC51E274162C48E500E2BB3B /* MCGameViewController.m */; };
		CF206C45162F2CEB00844DC8 /* MCGameEndViewController.m in Sources */ = {isa = PBXBuildFile; fileRef = CF206C44162F2CEB00844DC8 /* MCGameEndViewController.m */; };
		DC0CC5111630182C002E62FC /* 57_57.png in Resources */ = {isa = PBXBuildFile; fileRef = DC0CC5101630182C002E62FC /* 57_57.png */; };
		DC0CC5141630182E002E62FC /* 114_114.png in Resources */ = {isa = PBXBuildFile; fileRef = DC0CC5131630182E002E62FC /* 114_114.png */; };
		DC0CC51616301834002E62FC /* Default.png in Resources */ = {isa = PBXBuildFile; fileRef = DC0CC51516301834002E62FC /* Default.png */; };
		DC0CC51816301839002E62FC /* Default@2x.png in Resources */ = {isa = PBXBuildFile; fileRef = DC0CC51716301839002E62FC /* Default@2x.png */; };
		DC0CC51A1630183C002E62FC /* Default-568h@2x.png in Resources */ = {isa = PBXBuildFile; fileRef = DC0CC5191630183C002E62FC /* Default-568h@2x.png */; };
		DC0CC51C16301847002E62FC /* Default-Landscape@2x~ipad.png in Resources */ = {isa = PBXBuildFile; fileRef = DC0CC51B16301847002E62FC /* Default-Landscape@2x~ipad.png */; };
		DC0CC51E1630184F002E62FC /* Default-Landscape~ipad.png in Resources */ = {isa = PBXBuildFile; fileRef = DC0CC51D1630184F002E62FC /* Default-Landscape~ipad.png */; };
		DC0CC52016301852002E62FC /* Default-Portrait@2x~ipad.png in Resources */ = {isa = PBXBuildFile; fileRef = DC0CC51F16301852002E62FC /* Default-Portrait@2x~ipad.png */; };
		DC0CC52216301863002E62FC /* Default-Portrait~ipad.png in Resources */ = {isa = PBXBuildFile; fileRef = DC0CC52116301863002E62FC /* Default-Portrait~ipad.png */; };
		DC0CC52416301866002E62FC /* 72_72.png in Resources */ = {isa = PBXBuildFile; fileRef = DC0CC52316301866002E62FC /* 72_72.png */; };
		DC0CC52616301869002E62FC /* 144_144.png in Resources */ = {isa = PBXBuildFile; fileRef = DC0CC52516301869002E62FC /* 144_144.png */; };
		DCAB6FBF1630804400EED2F9 /* MCLevelEndViewController.m in Sources */ = {isa = PBXBuildFile; fileRef = DCAB6FBE1630804400EED2F9 /* MCLevelEndViewController.m */; };
		DCD6CCBD1625C8B200011F4F /* MCMainViewController.m in Sources */ = {isa = PBXBuildFile; fileRef = DCD6CCBC1625C8B200011F4F /* MCMainViewController.m */; };
		F19DAF371635360B0062962F /* BackSide.png in Resources */ = {isa = PBXBuildFile; fileRef = F19DAF361635360B0062962F /* BackSide.png */; };
		F727001E162D970D006BF865 /* card1.png in Resources */ = {isa = PBXBuildFile; fileRef = F7270018162D970D006BF865 /* card1.png */; };
		F727001F162D970D006BF865 /* card2.png in Resources */ = {isa = PBXBuildFile; fileRef = F7270019162D970D006BF865 /* card2.png */; };
		F7270020162D970D006BF865 /* card3.png in Resources */ = {isa = PBXBuildFile; fileRef = F727001A162D970D006BF865 /* card3.png */; };
		F7270021162D970D006BF865 /* card4.png in Resources */ = {isa = PBXBuildFile; fileRef = F727001B162D970D006BF865 /* card4.png */; };
		F7270022162D970D006BF865 /* card5.png in Resources */ = {isa = PBXBuildFile; fileRef = F727001C162D970D006BF865 /* card5.png */; };
		F7270023162D970D006BF865 /* card6.png in Resources */ = {isa = PBXBuildFile; fileRef = F727001D162D970D006BF865 /* card6.png */; };
		F76FEBD5162DAC480077B4F6 /* MCCard.m in Sources */ = {isa = PBXBuildFile; fileRef = F76FEBD4162DAC480077B4F6 /* MCCard.m */; };
		F7B1F109162F4B1300B2A030 /* card7.png in Resources */ = {isa = PBXBuildFile; fileRef = F7B1F108162F4B1300B2A030 /* card7.png */; };
		F7B1F10C162F4B4F00B2A030 /* card8.png in Resources */ = {isa = PBXBuildFile; fileRef = F7B1F10B162F4B4F00B2A030 /* card8.png */; };
		F7EDE436162E86100022BAA4 /* MCGameField.m in Sources */ = {isa = PBXBuildFile; fileRef = F7EDE435162E86100022BAA4 /* MCGameField.m */; };
/* End PBXBuildFile section */

/* Begin PBXFileReference section */
		56AE4C371615DA30000FBF5A /* MemCards.app */ = {isa = PBXFileReference; explicitFileType = wrapper.application; includeInIndex = 0; path = MemCards.app; sourceTree = BUILT_PRODUCTS_DIR; };
		56AE4C3B1615DA30000FBF5A /* UIKit.framework */ = {isa = PBXFileReference; lastKnownFileType = wrapper.framework; name = UIKit.framework; path = System/Library/Frameworks/UIKit.framework; sourceTree = SDKROOT; };
		56AE4C3D1615DA30000FBF5A /* Foundation.framework */ = {isa = PBXFileReference; lastKnownFileType = wrapper.framework; name = Foundation.framework; path = System/Library/Frameworks/Foundation.framework; sourceTree = SDKROOT; };
		56AE4C3F1615DA30000FBF5A /* CoreGraphics.framework */ = {isa = PBXFileReference; lastKnownFileType = wrapper.framework; name = CoreGraphics.framework; path = System/Library/Frameworks/CoreGraphics.framework; sourceTree = SDKROOT; };
		56AE4C431615DA30000FBF5A /* MemCards-Info.plist */ = {isa = PBXFileReference; lastKnownFileType = text.plist.xml; path = "MemCards-Info.plist"; sourceTree = "<group>"; };
		56AE4C451615DA30000FBF5A /* en */ = {isa = PBXFileReference; lastKnownFileType = text.plist.strings; name = en; path = en.lproj/InfoPlist.strings; sourceTree = "<group>"; };
		56AE4C471615DA30000FBF5A /* main.m */ = {isa = PBXFileReference; lastKnownFileType = sourcecode.c.objc; path = main.m; sourceTree = "<group>"; };
		56AE4C491615DA30000FBF5A /* MemCards-Prefix.pch */ = {isa = PBXFileReference; lastKnownFileType = sourcecode.c.h; path = "MemCards-Prefix.pch"; sourceTree = "<group>"; };
		56AE4C4A1615DA30000FBF5A /* MCAppDelegate.h */ = {isa = PBXFileReference; lastKnownFileType = sourcecode.c.h; path = MCAppDelegate.h; sourceTree = "<group>"; };
		56AE4C4B1615DA30000FBF5A /* MCAppDelegate.m */ = {isa = PBXFileReference; lastKnownFileType = sourcecode.c.objc; path = MCAppDelegate.m; sourceTree = "<group>"; };
		56AE4C4E1615DA30000FBF5A /* en */ = {isa = PBXFileReference; lastKnownFileType = file.storyboard; name = en; path = en.lproj/MainStoryboard_iPhone.storyboard; sourceTree = "<group>"; };
		56AE4C511615DA30000FBF5A /* en */ = {isa = PBXFileReference; lastKnownFileType = file.storyboard; name = en; path = en.lproj/MainStoryboard_iPad.storyboard; sourceTree = "<group>"; };
		56AE4C531615DA30000FBF5A /* MCViewController.h */ = {isa = PBXFileReference; lastKnownFileType = sourcecode.c.h; path = MCViewController.h; sourceTree = "<group>"; };
		56AE4C541615DA30000FBF5A /* MCViewController.m */ = {isa = PBXFileReference; lastKnownFileType = sourcecode.c.objc; path = MCViewController.m; sourceTree = "<group>"; };
		AA3DE2071628293A00615FC9 /* AVFoundation.framework */ = {isa = PBXFileReference; lastKnownFileType = wrapper.framework; name = AVFoundation.framework; path = System/Library/Frameworks/AVFoundation.framework; sourceTree = SDKROOT; };
		AA3DE20A1628295C00615FC9 /* MCSoundSystem.h */ = {isa = PBXFileReference; fileEncoding = 4; lastKnownFileType = sourcecode.c.h; path = MCSoundSystem.h; sourceTree = "<group>"; };
		AA3DE20B1628295C00615FC9 /* MCSoundSystem.m */ = {isa = PBXFileReference; fileEncoding = 4; lastKnownFileType = sourcecode.c.objc; path = MCSoundSystem.m; sourceTree = "<group>"; };
		AAAC82FF162864DC007A245D /* card.mp3 */ = {isa = PBXFileReference; lastKnownFileType = audio.mp3; path = card.mp3; sourceTree = "<group>"; };
		AAAC8300162864DC007A245D /* click.mp3 */ = {isa = PBXFileReference; lastKnownFileType = audio.mp3; path = click.mp3; sourceTree = "<group>"; };
		AAAC8301162864DC007A245D /* music.mp3 */ = {isa = PBXFileReference; lastKnownFileType = audio.mp3; path = music.mp3; sourceTree = "<group>"; };
		AADF6E44162E7FD700803147 /* MessageUI.framework */ = {isa = PBXFileReference; lastKnownFileType = wrapper.framework; name = MessageUI.framework; path = System/Library/Frameworks/MessageUI.framework; sourceTree = SDKROOT; };
		AAE698DD162DE99E0008DE2F /* GameKit.framework */ = {isa = PBXFileReference; lastKnownFileType = wrapper.framework; name = GameKit.framework; path = System/Library/Frameworks/GameKit.framework; sourceTree = SDKROOT; };
		AC38EC541636E4C40026EFB8 /* Levels.plist */ = {isa = PBXFileReference; fileEncoding = 4; lastKnownFileType = text.plist.xml; path = Levels.plist; sourceTree = "<group>"; };
		AC51E273162C48E500E2BB3B /* MCGameViewController.h */ = {isa = PBXFileReference; fileEncoding = 4; lastKnownFileType = sourcecode.c.h; path = MCGameViewController.h; sourceTree = "<group>"; };
		AC51E274162C48E500E2BB3B /* MCGameViewController.m */ = {isa = PBXFileReference; fileEncoding = 4; lastKnownFileType = sourcecode.c.objc; path = MCGameViewController.m; sourceTree = "<group>"; };
		CF206C43162F2CEB00844DC8 /* MCGameEndViewController.h */ = {isa = PBXFileReference; fileEncoding = 4; lastKnownFileType = sourcecode.c.h; path = MCGameEndViewController.h; sourceTree = "<group>"; };
		CF206C44162F2CEB00844DC8 /* MCGameEndViewController.m */ = {isa = PBXFileReference; fileEncoding = 4; lastKnownFileType = sourcecode.c.objc; path = MCGameEndViewController.m; sourceTree = "<group>"; };
		DC0CC5101630182C002E62FC /* 57_57.png */ = {isa = PBXFileReference; lastKnownFileType = image.png; name = 57_57.png; path = ../57_57.png; sourceTree = "<group>"; };
		DC0CC5131630182E002E62FC /* 114_114.png */ = {isa = PBXFileReference; lastKnownFileType = image.png; name = 114_114.png; path = ../114_114.png; sourceTree = "<group>"; };
		DC0CC51516301834002E62FC /* Default.png */ = {isa = PBXFileReference; lastKnownFileType = image.png; name = Default.png; path = ../Default.png; sourceTree = "<group>"; };
		DC0CC51716301839002E62FC /* Default@2x.png */ = {isa = PBXFileReference; lastKnownFileType = image.png; name = "Default@2x.png"; path = "../Default@2x.png"; sourceTree = "<group>"; };
		DC0CC5191630183C002E62FC /* Default-568h@2x.png */ = {isa = PBXFileReference; lastKnownFileType = image.png; name = "Default-568h@2x.png"; path = "../Default-568h@2x.png"; sourceTree = "<group>"; };
		DC0CC51B16301847002E62FC /* Default-Landscape@2x~ipad.png */ = {isa = PBXFileReference; lastKnownFileType = image.png; name = "Default-Landscape@2x~ipad.png"; path = "../Default-Landscape@2x~ipad.png"; sourceTree = "<group>"; };
		DC0CC51D1630184F002E62FC /* Default-Landscape~ipad.png */ = {isa = PBXFileReference; lastKnownFileType = image.png; name = "Default-Landscape~ipad.png"; path = "../Default-Landscape~ipad.png"; sourceTree = "<group>"; };
		DC0CC51F16301852002E62FC /* Default-Portrait@2x~ipad.png */ = {isa = PBXFileReference; lastKnownFileType = image.png; name = "Default-Portrait@2x~ipad.png"; path = "../Default-Portrait@2x~ipad.png"; sourceTree = "<group>"; };
		DC0CC52116301863002E62FC /* Default-Portrait~ipad.png */ = {isa = PBXFileReference; lastKnownFileType = image.png; name = "Default-Portrait~ipad.png"; path = "../Default-Portrait~ipad.png"; sourceTree = "<group>"; };
		DC0CC52316301866002E62FC /* 72_72.png */ = {isa = PBXFileReference; lastKnownFileType = image.png; name = 72_72.png; path = ../72_72.png; sourceTree = "<group>"; };
		DC0CC52516301869002E62FC /* 144_144.png */ = {isa = PBXFileReference; lastKnownFileType = image.png; name = 144_144.png; path = ../144_144.png; sourceTree = "<group>"; };
		DCAB6FBD1630804400EED2F9 /* MCLevelEndViewController.h */ = {isa = PBXFileReference; fileEncoding = 4; lastKnownFileType = sourcecode.c.h; path = MCLevelEndViewController.h; sourceTree = "<group>"; };
		DCAB6FBE1630804400EED2F9 /* MCLevelEndViewController.m */ = {isa = PBXFileReference; fileEncoding = 4; lastKnownFileType = sourcecode.c.objc; path = MCLevelEndViewController.m; sourceTree = "<group>"; };
		DCD6CCBB1625C8B200011F4F /* MCMainViewController.h */ = {isa = PBXFileReference; fileEncoding = 4; lastKnownFileType = sourcecode.c.h; path = MCMainViewController.h; sourceTree = "<group>"; };
		DCD6CCBC1625C8B200011F4F /* MCMainViewController.m */ = {isa = PBXFileReference; fileEncoding = 4; lastKnownFileType = sourcecode.c.objc; path = MCMainViewController.m; sourceTree = "<group>"; };
		F19DAF361635360B0062962F /* BackSide.png */ = {isa = PBXFileReference; lastKnownFileType = image.png; path = BackSide.png; sourceTree = "<group>"; };
		F7270018162D970D006BF865 /* card1.png */ = {isa = PBXFileReference; lastKnownFileType = image.png; path = card1.png; sourceTree = "<group>"; };
		F7270019162D970D006BF865 /* card2.png */ = {isa = PBXFileReference; lastKnownFileType = image.png; path = card2.png; sourceTree = "<group>"; };
		F727001A162D970D006BF865 /* card3.png */ = {isa = PBXFileReference; lastKnownFileType = image.png; path = card3.png; sourceTree = "<group>"; };
		F727001B162D970D006BF865 /* card4.png */ = {isa = PBXFileReference; lastKnownFileType = image.png; path = card4.png; sourceTree = "<group>"; };
		F727001C162D970D006BF865 /* card5.png */ = {isa = PBXFileReference; lastKnownFileType = image.png; path = card5.png; sourceTree = "<group>"; };
		F727001D162D970D006BF865 /* card6.png */ = {isa = PBXFileReference; lastKnownFileType = image.png; path = card6.png; sourceTree = "<group>"; };
		F76FEBD3162DAC480077B4F6 /* MCCard.h */ = {isa = PBXFileReference; fileEncoding = 4; lastKnownFileType = sourcecode.c.h; path = MCCard.h; sourceTree = "<group>"; };
		F76FEBD4162DAC480077B4F6 /* MCCard.m */ = {isa = PBXFileReference; fileEncoding = 4; lastKnownFileType = sourcecode.c.objc; path = MCCard.m; sourceTree = "<group>"; };
		F7B1F108162F4B1300B2A030 /* card7.png */ = {isa = PBXFileReference; lastKnownFileType = image.png; path = card7.png; sourceTree = "<group>"; };
		F7B1F10B162F4B4F00B2A030 /* card8.png */ = {isa = PBXFileReference; lastKnownFileType = image.png; path = card8.png; sourceTree = "<group>"; };
		F7EDE434162E86100022BAA4 /* MCGameField.h */ = {isa = PBXFileReference; fileEncoding = 4; lastKnownFileType = sourcecode.c.h; path = MCGameField.h; sourceTree = "<group>"; };
		F7EDE435162E86100022BAA4 /* MCGameField.m */ = {isa = PBXFileReference; fileEncoding = 4; lastKnownFileType = sourcecode.c.objc; path = MCGameField.m; sourceTree = "<group>"; };
/* End PBXFileReference section */

/* Begin PBXFrameworksBuildPhase section */
		56AE4C341615DA30000FBF5A /* Frameworks */ = {
			isa = PBXFrameworksBuildPhase;
			buildActionMask = 2147483647;
			files = (
				AADF6E45162E7FD700803147 /* MessageUI.framework in Frameworks */,
				AAE698DE162DE99E0008DE2F /* GameKit.framework in Frameworks */,
				AA3DE2081628293A00615FC9 /* AVFoundation.framework in Frameworks */,
				56AE4C3C1615DA30000FBF5A /* UIKit.framework in Frameworks */,
				56AE4C3E1615DA30000FBF5A /* Foundation.framework in Frameworks */,
				56AE4C401615DA30000FBF5A /* CoreGraphics.framework in Frameworks */,
			);
			runOnlyForDeploymentPostprocessing = 0;
		};
/* End PBXFrameworksBuildPhase section */

/* Begin PBXGroup section */
		56AE4C2C1615DA30000FBF5A = {
			isa = PBXGroup;
			children = (
				56AE4C411615DA30000FBF5A /* MemCards */,
				56AE4C3A1615DA30000FBF5A /* Frameworks */,
				56AE4C381615DA30000FBF5A /* Products */,
			);
			sourceTree = "<group>";
		};
		56AE4C381615DA30000FBF5A /* Products */ = {
			isa = PBXGroup;
			children = (
				56AE4C371615DA30000FBF5A /* MemCards.app */,
			);
			name = Products;
			sourceTree = "<group>";
		};
		56AE4C3A1615DA30000FBF5A /* Frameworks */ = {
			isa = PBXGroup;
			children = (
				AADF6E44162E7FD700803147 /* MessageUI.framework */,
				AAE698DD162DE99E0008DE2F /* GameKit.framework */,
				AA3DE2071628293A00615FC9 /* AVFoundation.framework */,
				56AE4C3B1615DA30000FBF5A /* UIKit.framework */,
				56AE4C3D1615DA30000FBF5A /* Foundation.framework */,
				56AE4C3F1615DA30000FBF5A /* CoreGraphics.framework */,
			);
			name = Frameworks;
			sourceTree = "<group>";
		};
		56AE4C411615DA30000FBF5A /* MemCards */ = {
			isa = PBXGroup;
			children = (
				56D6129116300F350050EAC5 /* Models */,
				56D6128F16300F090050EAC5 /* Controllers */,
				56AE4C4A1615DA30000FBF5A /* MCAppDelegate.h */,
				56AE4C4B1615DA30000FBF5A /* MCAppDelegate.m */,
				56AE4C4D1615DA30000FBF5A /* MainStoryboard_iPhone.storyboard */,
				56AE4C501615DA30000FBF5A /* MainStoryboard_iPad.storyboard */,
				56D6129216300F8E0050EAC5 /* Resources */,
				56AE4C421615DA30000FBF5A /* Supporting Files */,
			);
			path = MemCards;
			sourceTree = "<group>";
		};
		56AE4C421615DA30000FBF5A /* Supporting Files */ = {
			isa = PBXGroup;
			children = (
				56AE4C431615DA30000FBF5A /* MemCards-Info.plist */,
				56AE4C441615DA30000FBF5A /* InfoPlist.strings */,
				56AE4C471615DA30000FBF5A /* main.m */,
				56AE4C491615DA30000FBF5A /* MemCards-Prefix.pch */,
			);
			name = "Supporting Files";
			sourceTree = "<group>";
		};
		56D6128F16300F090050EAC5 /* Controllers */ = {
			isa = PBXGroup;
			children = (
				DCD6CCBB1625C8B200011F4F /* MCMainViewController.h */,
				DCD6CCBC1625C8B200011F4F /* MCMainViewController.m */,
				AC51E273162C48E500E2BB3B /* MCGameViewController.h */,
				AC51E274162C48E500E2BB3B /* MCGameViewController.m */,
				DCAB6FBD1630804400EED2F9 /* MCLevelEndViewController.h */,
				DCAB6FBE1630804400EED2F9 /* MCLevelEndViewController.m */,
				CF206C43162F2CEB00844DC8 /* MCGameEndViewController.h */,
				CF206C44162F2CEB00844DC8 /* MCGameEndViewController.m */,
				56AE4C531615DA30000FBF5A /* MCViewController.h */,
				56AE4C541615DA30000FBF5A /* MCViewController.m */,
				AC38EC541636E4C40026EFB8 /* Levels.plist */,
			);
			name = Controllers;
			sourceTree = "<group>";
		};
		56D6129116300F350050EAC5 /* Models */ = {
			isa = PBXGroup;
			children = (
				F76FEBD3162DAC480077B4F6 /* MCCard.h */,
				F76FEBD4162DAC480077B4F6 /* MCCard.m */,
				F7EDE434162E86100022BAA4 /* MCGameField.h */,
				F7EDE435162E86100022BAA4 /* MCGameField.m */,
				AA3DE20A1628295C00615FC9 /* MCSoundSystem.h */,
				AA3DE20B1628295C00615FC9 /* MCSoundSystem.m */,
			);
			name = Models;
			sourceTree = "<group>";
		};
		56D6129216300F8E0050EAC5 /* Resources */ = {
			isa = PBXGroup;
			children = (
				F19DAF361635360B0062962F /* BackSide.png */,
				DC0CC52516301869002E62FC /* 144_144.png */,
				DC0CC52316301866002E62FC /* 72_72.png */,
				DC0CC52116301863002E62FC /* Default-Portrait~ipad.png */,
				DC0CC51F16301852002E62FC /* Default-Portrait@2x~ipad.png */,
				DC0CC51D1630184F002E62FC /* Default-Landscape~ipad.png */,
				DC0CC51B16301847002E62FC /* Default-Landscape@2x~ipad.png */,
				DC0CC5191630183C002E62FC /* Default-568h@2x.png */,
				DC0CC51716301839002E62FC /* Default@2x.png */,
				DC0CC51516301834002E62FC /* Default.png */,
				DC0CC5131630182E002E62FC /* 114_114.png */,
				DC0CC5101630182C002E62FC /* 57_57.png */,
				AAAC82FF162864DC007A245D /* card.mp3 */,
				AAAC8300162864DC007A245D /* click.mp3 */,
				AAAC8301162864DC007A245D /* music.mp3 */,
				F7270018162D970D006BF865 /* card1.png */,
				F7270019162D970D006BF865 /* card2.png */,
				F7B1F10B162F4B4F00B2A030 /* card8.png */,
				F727001A162D970D006BF865 /* card3.png */,
				F7B1F108162F4B1300B2A030 /* card7.png */,
				F727001B162D970D006BF865 /* card4.png */,
				F727001C162D970D006BF865 /* card5.png */,
				F727001D162D970D006BF865 /* card6.png */,
			);
			name = Resources;
			sourceTree = "<group>";
		};
/* End PBXGroup section */

/* Begin PBXNativeTarget section */
		56AE4C361615DA30000FBF5A /* MemCards */ = {
			isa = PBXNativeTarget;
			buildConfigurationList = 56AE4C581615DA30000FBF5A /* Build configuration list for PBXNativeTarget "MemCards" */;
			buildPhases = (
				56AE4C331615DA30000FBF5A /* Sources */,
				56AE4C341615DA30000FBF5A /* Frameworks */,
				56AE4C351615DA30000FBF5A /* Resources */,
			);
			buildRules = (
			);
			dependencies = (
			);
			name = MemCards;
			productName = MemCards;
			productReference = 56AE4C371615DA30000FBF5A /* MemCards.app */;
			productType = "com.apple.product-type.application";
		};
/* End PBXNativeTarget section */

/* Begin PBXProject section */
		56AE4C2E1615DA30000FBF5A /* Project object */ = {
			isa = PBXProject;
			attributes = {
				CLASSPREFIX = MC;
				LastUpgradeCheck = 0440;
				ORGANIZATIONNAME = "Vova Musiienko";
			};
			buildConfigurationList = 56AE4C311615DA30000FBF5A /* Build configuration list for PBXProject "MemCards" */;
			compatibilityVersion = "Xcode 3.2";
			developmentRegion = English;
			hasScannedForEncodings = 0;
			knownRegions = (
				en,
			);
			mainGroup = 56AE4C2C1615DA30000FBF5A;
			productRefGroup = 56AE4C381615DA30000FBF5A /* Products */;
			projectDirPath = "";
			projectRoot = "";
			targets = (
				56AE4C361615DA30000FBF5A /* MemCards */,
			);
		};
/* End PBXProject section */

/* Begin PBXResourcesBuildPhase section */
		56AE4C351615DA30000FBF5A /* Resources */ = {
			isa = PBXResourcesBuildPhase;
			buildActionMask = 2147483647;
			files = (
				56AE4C461615DA30000FBF5A /* InfoPlist.strings in Resources */,
				56AE4C4F1615DA30000FBF5A /* MainStoryboard_iPhone.storyboard in Resources */,
				56AE4C521615DA30000FBF5A /* MainStoryboard_iPad.storyboard in Resources */,
				AAAC8302162864DC007A245D /* card.mp3 in Resources */,
				AAAC8303162864DC007A245D /* click.mp3 in Resources */,
				AAAC8304162864DC007A245D /* music.mp3 in Resources */,
				F727001E162D970D006BF865 /* card1.png in Resources */,
				F727001F162D970D006BF865 /* card2.png in Resources */,
				F7270020162D970D006BF865 /* card3.png in Resources */,
				F7270021162D970D006BF865 /* card4.png in Resources */,
				F7270022162D970D006BF865 /* card5.png in Resources */,
				F7270023162D970D006BF865 /* card6.png in Resources */,
				F7B1F109162F4B1300B2A030 /* card7.png in Resources */,
				F7B1F10C162F4B4F00B2A030 /* card8.png in Resources */,
				DC0CC5111630182C002E62FC /* 57_57.png in Resources */,
				DC0CC5141630182E002E62FC /* 114_114.png in Resources */,
				DC0CC51616301834002E62FC /* Default.png in Resources */,
				DC0CC51816301839002E62FC /* Default@2x.png in Resources */,
				DC0CC51A1630183C002E62FC /* Default-568h@2x.png in Resources */,
				DC0CC51C16301847002E62FC /* Default-Landscape@2x~ipad.png in Resources */,
				DC0CC51E1630184F002E62FC /* Default-Landscape~ipad.png in Resources */,
				DC0CC52016301852002E62FC /* Default-Portrait@2x~ipad.png in Resources */,
				DC0CC52216301863002E62FC /* Default-Portrait~ipad.png in Resources */,
				DC0CC52416301866002E62FC /* 72_72.png in Resources */,
				DC0CC52616301869002E62FC /* 144_144.png in Resources */,
				AC38EC551636E4C40026EFB8 /* Levels.plist in Resources */,
				F19DAF371635360B0062962F /* BackSide.png in Resources */,
			);
			runOnlyForDeploymentPostprocessing = 0;
		};
/* End PBXResourcesBuildPhase section */

/* Begin PBXSourcesBuildPhase section */
		56AE4C331615DA30000FBF5A /* Sources */ = {
			isa = PBXSourcesBuildPhase;
			buildActionMask = 2147483647;
			files = (
				56AE4C481615DA30000FBF5A /* main.m in Sources */,
				56AE4C4C1615DA30000FBF5A /* MCAppDelegate.m in Sources */,
				56AE4C551615DA30000FBF5A /* MCViewController.m in Sources */,
				DCD6CCBD1625C8B200011F4F /* MCMainViewController.m in Sources */,
				AA3DE20C1628295C00615FC9 /* MCSoundSystem.m in Sources */,
				F76FEBD5162DAC480077B4F6 /* MCCard.m in Sources */,
				F7EDE436162E86100022BAA4 /* MCGameField.m in Sources */,
				AC51E275162C48E500E2BB3B /* MCGameViewController.m in Sources */,
				CF206C45162F2CEB00844DC8 /* MCGameEndViewController.m in Sources */,
				DCAB6FBF1630804400EED2F9 /* MCLevelEndViewController.m in Sources */,
			);
			runOnlyForDeploymentPostprocessing = 0;
		};
/* End PBXSourcesBuildPhase section */

/* Begin PBXVariantGroup section */
		56AE4C441615DA30000FBF5A /* InfoPlist.strings */ = {
			isa = PBXVariantGroup;
			children = (
				56AE4C451615DA30000FBF5A /* en */,
			);
			name = InfoPlist.strings;
			sourceTree = "<group>";
		};
		56AE4C4D1615DA30000FBF5A /* MainStoryboard_iPhone.storyboard */ = {
			isa = PBXVariantGroup;
			children = (
				56AE4C4E1615DA30000FBF5A /* en */,
			);
			name = MainStoryboard_iPhone.storyboard;
			sourceTree = "<group>";
		};
		56AE4C501615DA30000FBF5A /* MainStoryboard_iPad.storyboard */ = {
			isa = PBXVariantGroup;
			children = (
				56AE4C511615DA30000FBF5A /* en */,
			);
			name = MainStoryboard_iPad.storyboard;
			sourceTree = "<group>";
		};
/* End PBXVariantGroup section */

/* Begin XCBuildConfiguration section */
		56AE4C561615DA30000FBF5A /* Debug */ = {
			isa = XCBuildConfiguration;
			buildSettings = {
				ALWAYS_SEARCH_USER_PATHS = NO;
				ARCHS = "$(ARCHS_STANDARD_32_BIT)";
				CLANG_CXX_LANGUAGE_STANDARD = "gnu++0x";
				CLANG_ENABLE_OBJC_ARC = YES;
				CLANG_WARN__DUPLICATE_METHOD_MATCH = YES;
				"CODE_SIGN_IDENTITY[sdk=iphoneos*]" = "iPhone Developer";
				COPY_PHASE_STRIP = NO;
				GCC_C_LANGUAGE_STANDARD = gnu99;
				GCC_DYNAMIC_NO_PIC = NO;
				GCC_OPTIMIZATION_LEVEL = 0;
				GCC_PREPROCESSOR_DEFINITIONS = (
					"DEBUG=1",
					"$(inherited)",
				);
				GCC_SYMBOLS_PRIVATE_EXTERN = NO;
				GCC_VERSION = com.apple.compilers.llvm.clang.1_0;
				GCC_WARN_ABOUT_RETURN_TYPE = YES;
				GCC_WARN_UNINITIALIZED_AUTOS = YES;
				GCC_WARN_UNUSED_VARIABLE = YES;
				IPHONEOS_DEPLOYMENT_TARGET = 5.1;
				SDKROOT = iphoneos;
				TARGETED_DEVICE_FAMILY = "1,2";
			};
			name = Debug;
		};
		56AE4C571615DA30000FBF5A /* Release */ = {
			isa = XCBuildConfiguration;
			buildSettings = {
				ALWAYS_SEARCH_USER_PATHS = NO;
				ARCHS = "$(ARCHS_STANDARD_32_BIT)";
				CLANG_CXX_LANGUAGE_STANDARD = "gnu++0x";
				CLANG_ENABLE_OBJC_ARC = YES;
				CLANG_WARN__DUPLICATE_METHOD_MATCH = YES;
				"CODE_SIGN_IDENTITY[sdk=iphoneos*]" = "iPhone Developer";
				COPY_PHASE_STRIP = YES;
				GCC_C_LANGUAGE_STANDARD = gnu99;
				GCC_VERSION = com.apple.compilers.llvm.clang.1_0;
				GCC_WARN_ABOUT_RETURN_TYPE = YES;
				GCC_WARN_UNINITIALIZED_AUTOS = YES;
				GCC_WARN_UNUSED_VARIABLE = YES;
				IPHONEOS_DEPLOYMENT_TARGET = 5.1;
				OTHER_CFLAGS = "-DNS_BLOCK_ASSERTIONS=1";
				SDKROOT = iphoneos;
				TARGETED_DEVICE_FAMILY = "1,2";
				VALIDATE_PRODUCT = YES;
			};
			name = Release;
		};
		56AE4C591615DA30000FBF5A /* Debug */ = {
			isa = XCBuildConfiguration;
			buildSettings = {
				GCC_PRECOMPILE_PREFIX_HEADER = YES;
				GCC_PREFIX_HEADER = "MemCards/MemCards-Prefix.pch";
				INFOPLIST_FILE = "MemCards/MemCards-Info.plist";
				PRODUCT_NAME = "$(TARGET_NAME)";
				TARGETED_DEVICE_FAMILY = "1,2";
				WRAPPER_EXTENSION = app;
			};
			name = Debug;
		};
		56AE4C5A1615DA30000FBF5A /* Release */ = {
			isa = XCBuildConfiguration;
			buildSettings = {
				GCC_PRECOMPILE_PREFIX_HEADER = YES;
				GCC_PREFIX_HEADER = "MemCards/MemCards-Prefix.pch";
				INFOPLIST_FILE = "MemCards/MemCards-Info.plist";
				PRODUCT_NAME = "$(TARGET_NAME)";
				TARGETED_DEVICE_FAMILY = "1,2";
				WRAPPER_EXTENSION = app;
			};
			name = Release;
		};
/* End XCBuildConfiguration section */

/* Begin XCConfigurationList section */
		56AE4C311615DA30000FBF5A /* Build configuration list for PBXProject "MemCards" */ = {
			isa = XCConfigurationList;
			buildConfigurations = (
				56AE4C561615DA30000FBF5A /* Debug */,
				56AE4C571615DA30000FBF5A /* Release */,
			);
			defaultConfigurationIsVisible = 0;
			defaultConfigurationName = Release;
		};
		56AE4C581615DA30000FBF5A /* Build configuration list for PBXNativeTarget "MemCards" */ = {
			isa = XCConfigurationList;
			buildConfigurations = (
				56AE4C591615DA30000FBF5A /* Debug */,
				56AE4C5A1615DA30000FBF5A /* Release */,
			);
			defaultConfigurationIsVisible = 0;
			defaultConfigurationName = Release;
		};
/* End XCConfigurationList section */
	};
	rootObject = 56AE4C2E1615DA30000FBF5A /* Project object */;
}
